
Microsoft Visual Studio Solution File, Format Version 12.00
# Visual Studio Version 17
VisualStudioVersion = 17.3.32819.101
MinimumVisualStudioVersion = 10.0.40219.1
Project("{FAE04EC0-301F-11D3-BF4B-00C04F79EFBC}") = "EventgridCheck", "EventgridCheck\EventgridCheck.csproj", "{C1902043-5039-44E2-B12E-4FC69B94BD15}"
EndProject
Global
	GlobalSection(SolutionConfigurationPlatforms) = preSolution
		Debug|Any CPU = Debug|Any CPU
		Release|Any CPU = Release|Any CPU
	EndGlobalSection
	GlobalSection(ProjectConfigurationPlatforms) = postSolution
		{C1902043-5039-44E2-B12E-4FC69B94BD15}.Debug|Any CPU.ActiveCfg = Debug|Any CPU
		{C1902043-5039-44E2-B12E-4FC69B94BD15}.Debug|Any CPU.Build.0 = Debug|Any CPU
		{C1902043-5039-44E2-B12E-4FC69B94BD15}.Release|Any CPU.ActiveCfg = Release|Any CPU
		{C1902043-5039-44E2-B12E-4FC69B94BD15}.Release|Any CPU.Build.0 = Release|Any CPU
	EndGlobalSection
	GlobalSection(SolutionProperties) = preSolution
		HideSolutionNode = FALSE
	EndGlobalSection
	GlobalSection(ExtensibilityGlobals) = postSolution
		SolutionGuid = {DF755CC6-C3F3-4BE5-BE73-59E724BF33AC}
	EndGlobalSection
EndGlobal
